
Microsoft Visual Studio Solution File, Format Version 12.00
# Visual Studio Version 17
VisualStudioVersion = 17.3.32929.385
MinimumVisualStudioVersion = 10.0.40219.1
Project("{9A19103F-16F7-4668-BE54-9A1E7A4F7556}") = "SLLS-Recorder", "SLLS-Recorder\SLLS-Recorder.csproj", "{C6F66710-816C-4281-90A9-72E9151A8CBA}"
EndProject
Project("{9A19103F-16F7-4668-BE54-9A1E7A4F7556}") = "SLLS-Common", "SLLS-Common\SLLS-Common.csproj", "{24CAD3AC-6173-482B-9F52-CA2200C01E54}"
EndProject
Project("{9A19103F-16F7-4668-BE54-9A1E7A4F7556}") = "SLLS-Screen", "SLLS-Screen\SLLS-Screen.csproj", "{5931D5B3-A3F4-4C86-A5BC-0CE408C79D74}"
EndProject
Global
	GlobalSection(SolutionConfigurationPlatforms) = preSolution
		Debug|Any CPU = Debug|Any CPU
		Release|Any CPU = Release|Any CPU
	EndGlobalSection
	GlobalSection(ProjectConfigurationPlatforms) = postSolution
		{C6F66710-816C-4281-90A9-72E9151A8CBA}.Debug|Any CPU.ActiveCfg = Debug|Any CPU
		{C6F66710-816C-4281-90A9-72E9151A8CBA}.Debug|Any CPU.Build.0 = Debug|Any CPU
		{C6F66710-816C-4281-90A9-72E9151A8CBA}.Release|Any CPU.ActiveCfg = Release|Any CPU
		{C6F66710-816C-4281-90A9-72E9151A8CBA}.Release|Any CPU.Build.0 = Release|Any CPU
		{24CAD3AC-6173-482B-9F52-CA2200C01E54}.Debug|Any CPU.ActiveCfg = Debug|Any CPU
		{24CAD3AC-6173-482B-9F52-CA2200C01E54}.Debug|Any CPU.Build.0 = Debug|Any CPU
		{24CAD3AC-6173-482B-9F52-CA2200C01E54}.Release|Any CPU.ActiveCfg = Release|Any CPU
		{24CAD3AC-6173-482B-9F52-CA2200C01E54}.Release|Any CPU.Build.0 = Release|Any CPU
		{5931D5B3-A3F4-4C86-A5BC-0CE408C79D74}.Debug|Any CPU.ActiveCfg = Debug|Any CPU
		{5931D5B3-A3F4-4C86-A5BC-0CE408C79D74}.Debug|Any CPU.Build.0 = Debug|Any CPU
		{5931D5B3-A3F4-4C86-A5BC-0CE408C79D74}.Release|Any CPU.ActiveCfg = Release|Any CPU
		{5931D5B3-A3F4-4C86-A5BC-0CE408C79D74}.Release|Any CPU.Build.0 = Release|Any CPU
	EndGlobalSection
	GlobalSection(SolutionProperties) = preSolution
		HideSolutionNode = FALSE
	EndGlobalSection
	GlobalSection(ExtensibilityGlobals) = postSolution
		SolutionGuid = {F3F8EECA-6BE8-424D-B47C-54793F5D4DA5}
	EndGlobalSection
EndGlobal
